
Microsoft Visual Studio Solution File, Format Version 12.00
# Visual Studio 15
VisualStudioVersion = 15.0.27004.2010
MinimumVisualStudioVersion = 10.0.40219.1
Project("{FAE04EC0-301F-11D3-BF4B-00C04F79EFBC}") = "Lab01", "Lab01\Lab01.csproj", "{C702248E-C077-4222-964D-542F0F2722F0}"
EndProject
Project("{FAE04EC0-301F-11D3-BF4B-00C04F79EFBC}") = "Lab02", "Lab02\Lab02.csproj", "{C7DF6496-876D-4067-BB53-A14715A554C5}"
EndProject
Project("{FAE04EC0-301F-11D3-BF4B-00C04F79EFBC}") = "Lab03", "Lab03\Lab03.csproj", "{22856AA1-1A59-4852-9B66-26CB65F8B41C}"
EndProject
Project("{FAE04EC0-301F-11D3-BF4B-00C04F79EFBC}") = "Lab04", "Lab04\Lab04.csproj", "{C9661C47-0169-4637-BB3A-C9FBB2B5531F}"
EndProject
Global
	GlobalSection(SolutionConfigurationPlatforms) = preSolution
		Debug|Any CPU = Debug|Any CPU
		Release|Any CPU = Release|Any CPU
	EndGlobalSection
	GlobalSection(ProjectConfigurationPlatforms) = postSolution
		{C702248E-C077-4222-964D-542F0F2722F0}.Debug|Any CPU.ActiveCfg = Debug|Any CPU
		{C702248E-C077-4222-964D-542F0F2722F0}.Debug|Any CPU.Build.0 = Debug|Any CPU
		{C702248E-C077-4222-964D-542F0F2722F0}.Release|Any CPU.ActiveCfg = Release|Any CPU
		{C702248E-C077-4222-964D-542F0F2722F0}.Release|Any CPU.Build.0 = Release|Any CPU
		{C7DF6496-876D-4067-BB53-A14715A554C5}.Debug|Any CPU.ActiveCfg = Debug|Any CPU
		{C7DF6496-876D-4067-BB53-A14715A554C5}.Debug|Any CPU.Build.0 = Debug|Any CPU
		{C7DF6496-876D-4067-BB53-A14715A554C5}.Release|Any CPU.ActiveCfg = Release|Any CPU
		{C7DF6496-876D-4067-BB53-A14715A554C5}.Release|Any CPU.Build.0 = Release|Any CPU
		{22856AA1-1A59-4852-9B66-26CB65F8B41C}.Debug|Any CPU.ActiveCfg = Debug|Any CPU
		{22856AA1-1A59-4852-9B66-26CB65F8B41C}.Debug|Any CPU.Build.0 = Debug|Any CPU
		{22856AA1-1A59-4852-9B66-26CB65F8B41C}.Release|Any CPU.ActiveCfg = Release|Any CPU
		{22856AA1-1A59-4852-9B66-26CB65F8B41C}.Release|Any CPU.Build.0 = Release|Any CPU
		{C9661C47-0169-4637-BB3A-C9FBB2B5531F}.Debug|Any CPU.ActiveCfg = Debug|Any CPU
		{C9661C47-0169-4637-BB3A-C9FBB2B5531F}.Debug|Any CPU.Build.0 = Debug|Any CPU
		{C9661C47-0169-4637-BB3A-C9FBB2B5531F}.Release|Any CPU.ActiveCfg = Release|Any CPU
		{C9661C47-0169-4637-BB3A-C9FBB2B5531F}.Release|Any CPU.Build.0 = Release|Any CPU
	EndGlobalSection
	GlobalSection(SolutionProperties) = preSolution
		HideSolutionNode = FALSE
	EndGlobalSection
	GlobalSection(ExtensibilityGlobals) = postSolution
		SolutionGuid = {44B8A3B3-8217-48A4-8D8D-419A269C6348}
	EndGlobalSection
EndGlobal
